PODS:
  - Bugsnag (6.22.3)
  - shared (0.0.1)

DEPENDENCIES:
  - Bugsnag
  - shared (from `../shared`)

SPEC REPOS:
  trunk:
    - Bugsnag

EXTERNAL SOURCES:
  shared:
    :path: "../shared"

SPEC CHECKSUMS:
  Bugsnag: 17fe7e9fcf60c1877a6a638a77327dce99590991
  shared: 15e904ed6019760b95966ae57b058a12a255433b

PODFILE CHECKSUM: 334109894bf80203c54092dcc680f36bc85b527c

COCOAPODS: 1.11.3
