PODS:
  - Bugsnag (6.27.2)
  - shared (0.0.1)

DEPENDENCIES:
  - Bugsnag
  - shared (from `../shared`)

SPEC REPOS:
  trunk:
    - Bugsnag

EXTERNAL SOURCES:
  shared:
    :path: "../shared"

SPEC CHECKSUMS:
  Bugsnag: d7b2e5e78eaf66246d635240c61a6c8a18e3922c
  shared: ed4a7cdd28f5a640db05c1d382c324bc3f1dcac8

PODFILE CHECKSUM: 334109894bf80203c54092dcc680f36bc85b527c

COCOAPODS: 1.15.2
