PODS:
  - Bugsnag (6.27.2)
  - shared (0.0.1)

DEPENDENCIES:
  - Bugsnag
  - shared (from `../shared`)

SPEC REPOS:
  trunk:
    - Bugsnag

EXTERNAL SOURCES:
  shared:
    :path: "../shared"

SPEC CHECKSUMS:
  Bugsnag: d7b2e5e78eaf66246d635240c61a6c8a18e3922c
  shared: 0235f9a55259ea208721ea8394d950385abca2ed

PODFILE CHECKSUM: 334109894bf80203c54092dcc680f36bc85b527c

COCOAPODS: 1.17.0
