PODS:
  - Bugsnag (5.22.5)
  - sample (0.0.1)

DEPENDENCIES:
  - Bugsnag
  - sample (from `..`)

SPEC REPOS:
  https://github.com/cocoapods/specs.git:
    - Bugsnag

EXTERNAL SOURCES:
  sample:
    :path: ".."

SPEC CHECKSUMS:
  Bugsnag: 60e887aa63a5a842fc77f7b1e7c1310800f5b4e1
  sample: f10dc27f2389c787c238faa243d44f45b54abf6b

PODFILE CHECKSUM: 5cbe548d5753f81d84a0931a64a602730c642342

COCOAPODS: 1.7.5
